
Microsoft Visual Studio Solution File, Format Version 12.00
# Visual Studio Version 16
VisualStudioVersion = 16.0.31005.135
MinimumVisualStudioVersion = 10.0.40219.1
Project("{9A19103F-16F7-4668-BE54-9A1E7A4F7556}") = "fx-graph-query", "fx-graph-query\fx-graph-query.csproj", "{3BA4043B-EA80-43ED-806A-847266BFC202}"
EndProject
Project("{FAE04EC0-301F-11D3-BF4B-00C04F79EFBC}") = "fx-state", "fx-state\fx-state.csproj", "{9C3261C2-6BA0-4BB4-8860-FFDD70375FA2}"
EndProject
Global
	GlobalSection(SolutionConfigurationPlatforms) = preSolution
		Debug|Any CPU = Debug|Any CPU
		Release|Any CPU = Release|Any CPU
	EndGlobalSection
	GlobalSection(ProjectConfigurationPlatforms) = postSolution
		{3BA4043B-EA80-43ED-806A-847266BFC202}.Debug|Any CPU.ActiveCfg = Debug|Any CPU
		{3BA4043B-EA80-43ED-806A-847266BFC202}.Debug|Any CPU.Build.0 = Debug|Any CPU
		{3BA4043B-EA80-43ED-806A-847266BFC202}.Release|Any CPU.ActiveCfg = Release|Any CPU
		{3BA4043B-EA80-43ED-806A-847266BFC202}.Release|Any CPU.Build.0 = Release|Any CPU
		{9C3261C2-6BA0-4BB4-8860-FFDD70375FA2}.Debug|Any CPU.ActiveCfg = Debug|Any CPU
		{9C3261C2-6BA0-4BB4-8860-FFDD70375FA2}.Debug|Any CPU.Build.0 = Debug|Any CPU
		{9C3261C2-6BA0-4BB4-8860-FFDD70375FA2}.Release|Any CPU.ActiveCfg = Release|Any CPU
		{9C3261C2-6BA0-4BB4-8860-FFDD70375FA2}.Release|Any CPU.Build.0 = Release|Any CPU
	EndGlobalSection
	GlobalSection(SolutionProperties) = preSolution
		HideSolutionNode = FALSE
	EndGlobalSection
	GlobalSection(ExtensibilityGlobals) = postSolution
		SolutionGuid = {217A9249-ADE2-47D5-B43A-4A1EAC1D8833}
	EndGlobalSection
EndGlobal
